hash: c36939351dbf79ae0cb921aa9548a56c0f5053caac50736faafa2259b4090b57
updated: 2017-08-01T18:44:25.267869291+08:00
imports:
- name: github.com/BurntSushi/toml
  version: 99064174e013895bbd9b025c31100bd1d9b590ca
- name: github.com/go-sql-driver/mysql
  version: 4ac31a97ccff97de60ba3c630bfb4733c1bb6d0e
- name: github.com/golang/protobuf
  version: 874264fbbb43f4d91e999fecb4b40143ed611400
  subpackages:
  - jsonpb
  - proto
- name: github.com/golang/snappy
  version: 723cc1e459b8eea2dea4583200fd60757d40097a
- name: github.com/juju/errors
  version: 6f54ff6318409d31ff16261533ce2c8381a4fd5d
- name: github.com/ngaut/log
  version: cec23d3e10b016363780d894a0eb732a12c06e02
- name: github.com/ngaut/pool
  version: 440660161f02291a5f955d3d92dd3dd56b9c47a9
- name: github.com/petar/GoLLRB
  version: 53be0d36a84c2a886ca057d34b6aa4468df9ccb4
  subpackages:
  - llrb
- name: github.com/pingcap/check
  version: 9b266636177e249ec28b0aeffe8e86bc272bb481
- name: github.com/pingcap/goleveldb
  version: 158edde5a354460121af007d02a00b01c8d03443
  subpackages:
  - leveldb
  - leveldb/cache
  - leveldb/comparer
  - leveldb/errors
  - leveldb/filter
  - leveldb/iterator
  - leveldb/journal
  - leveldb/memdb
  - leveldb/opt
  - leveldb/storage
  - leveldb/table
  - leveldb/util
- name: github.com/pingcap/tidb
  version: 2c07a47f229314ac2ccfb78607d218759a77a050
  subpackages:
  - ast
  - context
  - ddl
  - infoschema
  - kv
  - model
  - mysql
  - parser
  - parser/opcode
  - sessionctx/variable
  - terror
  - util
  - util/charset
  - util/hack
  - util/types
  - util/types/json
- name: github.com/prometheus/client_golang
  version: c5b7fccd204277076155f10851dad72b76a49317
  subpackages:
  - prometheus
  - prometheus/push
- name: github.com/prometheus/client_model
  version: fa8ad6fec33561be4280a8f0514318c79d7f6cb6
  subpackages:
  - go
- name: github.com/prometheus/common
  version: 4402f4e5ea79ec15f3c574773b6a5198fbea215f
  subpackages:
  - expfmt
  - internal/bitbucket.org/ww/goautoneg
  - model
- name: github.com/prometheus/procfs
  version: abf152e5f3e97f2fafac028d2cc06c1feb87ffa5
- name: github.com/satori/go.uuid
  version: 879c5887cd475cd7864858769793b2ceb0d44feb
- name: github.com/siddontang/go
  version: cb568a3e5cc06256f91a2da5a87455f717eb33f4
  subpackages:
  - hack
  - ioutil2
  - sync2
- name: github.com/siddontang/go-mysql
  version: e83b1664b8fc96202159841d0a1306160fc3f859
  subpackages:
  - client
  - mysql
  - packet
  - replication
- name: golang.org/x/net
  version: e90d6d0afc4c315a0d87a568ae68577cc15149a0
  subpackages:
  - context
- name: golang.org/x/text
  version: 723492b65e225eafcba054e76ba18bb9c5ac1ea2
  subpackages:
  - encoding
  - encoding/charmap
  - encoding/internal
  - encoding/internal/identifier
  - encoding/japanese
  - encoding/korean
  - encoding/simplifiedchinese
  - encoding/traditionalchinese
  - encoding/unicode
  - transform
- name: google.golang.org/grpc
  version: 777daa17ff9b5daef1cfdf915088a2ada3332bf0
  subpackages:
  - codes
  - credentials
  - grpclog
  - internal
  - metadata
  - naming
  - peer
  - transport
testImports: []
